
Microsoft Visual Studio Solution File, Format Version 12.00
# Visual Studio Version 17
VisualStudioVersion = 17.5.33530.505
MinimumVisualStudioVersion = 10.0.40219.1
Project("{8BC9CEB8-8B4A-11D0-8D11-00A0C91BC942}") = "InverteHalfPyramid", "InverteHalfPyramid\InverteHalfPyramid.vcxproj", "{9099C8AA-7D76-4C89-90F4-7E8111C6CEA7}"
EndProject
Global
	GlobalSection(SolutionConfigurationPlatforms) = preSolution
		Debug|x64 = Debug|x64
		Debug|x86 = Debug|x86
		Release|x64 = Release|x64
		Release|x86 = Release|x86
	EndGlobalSection
	GlobalSection(ProjectConfigurationPlatforms) = postSolution
		{9099C8AA-7D76-4C89-90F4-7E8111C6CEA7}.Debug|x64.ActiveCfg = Debug|x64
		{9099C8AA-7D76-4C89-90F4-7E8111C6CEA7}.Debug|x64.Build.0 = Debug|x64
		{9099C8AA-7D76-4C89-90F4-7E8111C6CEA7}.Debug|x86.ActiveCfg = Debug|Win32
		{9099C8AA-7D76-4C89-90F4-7E8111C6CEA7}.Debug|x86.Build.0 = Debug|Win32
		{9099C8AA-7D76-4C89-90F4-7E8111C6CEA7}.Release|x64.ActiveCfg = Release|x64
		{9099C8AA-7D76-4C89-90F4-7E8111C6CEA7}.Release|x64.Build.0 = Release|x64
		{9099C8AA-7D76-4C89-90F4-7E8111C6CEA7}.Release|x86.ActiveCfg = Release|Win32
		{9099C8AA-7D76-4C89-90F4-7E8111C6CEA7}.Release|x86.Build.0 = Release|Win32
	EndGlobalSection
	GlobalSection(SolutionProperties) = preSolution
		HideSolutionNode = FALSE
	EndGlobalSection
	GlobalSection(ExtensibilityGlobals) = postSolution
		SolutionGuid = {0A0A11FD-D1C2-43A4-9BD3-93CB5A1AA70D}
	EndGlobalSection
EndGlobal
